
Microsoft Visual Studio Solution File, Format Version 12.00
# Visual Studio Version 17
VisualStudioVersion = 17.7.34031.279
MinimumVisualStudioVersion = 10.0.40219.1
Project("{FAE04EC0-301F-11D3-BF4B-00C04F79EFBC}") = "TripWebApplication", "TripWebApplication\TripWebApplication.csproj", "{94EA8322-73F7-4A0D-BA63-4EE57529FF9A}"
EndProject
Global
	GlobalSection(SolutionConfigurationPlatforms) = preSolution
		Debug|Any CPU = Debug|Any CPU
		Release|Any CPU = Release|Any CPU
	EndGlobalSection
	GlobalSection(ProjectConfigurationPlatforms) = postSolution
		{94EA8322-73F7-4A0D-BA63-4EE57529FF9A}.Debug|Any CPU.ActiveCfg = Debug|Any CPU
		{94EA8322-73F7-4A0D-BA63-4EE57529FF9A}.Debug|Any CPU.Build.0 = Debug|Any CPU
		{94EA8322-73F7-4A0D-BA63-4EE57529FF9A}.Release|Any CPU.ActiveCfg = Release|Any CPU
		{94EA8322-73F7-4A0D-BA63-4EE57529FF9A}.Release|Any CPU.Build.0 = Release|Any CPU
	EndGlobalSection
	GlobalSection(SolutionProperties) = preSolution
		HideSolutionNode = FALSE
	EndGlobalSection
	GlobalSection(ExtensibilityGlobals) = postSolution
		SolutionGuid = {8199025A-E4A0-4CEE-92FA-30193042D942}
	EndGlobalSection
EndGlobal
